
Microsoft Visual Studio Solution File, Format Version 12.00
# Visual Studio Version 17
VisualStudioVersion = 17.5.33627.172
MinimumVisualStudioVersion = 10.0.40219.1
Project("{9A19103F-16F7-4668-BE54-9A1E7A4F7556}") = "SmipMqttConnector", "SmipMqttConnector.csproj", "{D5D46132-21C3-4A2B-83B8-DB6FC3E2B8CD}"
EndProject
Project("{2150E333-8FDC-42A3-9474-1A3956D46DE8}") = "Solution Items", "Solution Items", "{E7673857-07C9-4533-9138-C274818251D1}"
EndProject
Global
	GlobalSection(SolutionConfigurationPlatforms) = preSolution
		Debug|Any CPU = Debug|Any CPU
		Release|Any CPU = Release|Any CPU
	EndGlobalSection
	GlobalSection(ProjectConfigurationPlatforms) = postSolution
		{D5D46132-21C3-4A2B-83B8-DB6FC3E2B8CD}.Debug|Any CPU.ActiveCfg = Debug|Any CPU
		{D5D46132-21C3-4A2B-83B8-DB6FC3E2B8CD}.Debug|Any CPU.Build.0 = Debug|Any CPU
		{D5D46132-21C3-4A2B-83B8-DB6FC3E2B8CD}.Release|Any CPU.ActiveCfg = Release|Any CPU
		{D5D46132-21C3-4A2B-83B8-DB6FC3E2B8CD}.Release|Any CPU.Build.0 = Release|Any CPU
	EndGlobalSection
	GlobalSection(SolutionProperties) = preSolution
		HideSolutionNode = FALSE
	EndGlobalSection
	GlobalSection(ExtensibilityGlobals) = postSolution
		SolutionGuid = {D05FBB2F-FCEB-439A-9BAE-E186E2DF6255}
	EndGlobalSection
EndGlobal
